{
    "_meta": {
        "hash": {
            "sha256": "ec5e7b8499b9d217ffc09eeed66a6c18fe08e259dbbade7baac398ed221db30a"
        },
        "pipfile-spec": 6,
        "requires": {},
        "sources": [
            {
                "name": "pypi",
                "url": "https://pypi.org/simple",
                "verify_ssl": true
            }
        ]
    },
    "default": {},
    "develop": {}
}
